// !$*UTF8*$!
{
	archiveVersion = 1;
	classes = {
	};
	objectVersion = 46;
	objects = {

/* Begin PBXBuildFile section */
		A42C5B07131F8B26007E7708 /* MediaPlayer.framework in Frameworks */ = {isa = PBXBuildFile; fileRef = A42C5B06131F8B26007E7708 /* MediaPlayer.framework */; };
		A4331F5E131F81E4006FEE8D /* ipodicon.png in Resources */ = {isa = PBXBuildFile; fileRef = A4331F5D131F81E4006FEE8D /* ipodicon.png */; };
		A4331F60131F8214006FEE8D /* ipodiconretina.png in Resources */ = {isa = PBXBuildFile; fileRef = A4331F5F131F8214006FEE8D /* ipodiconretina.png */; };
		A446EF3A131F7B8400551B10 /* UIKit.framework in Frameworks */ = {isa = PBXBuildFile; fileRef = A446EF39131F7B8400551B10 /* UIKit.framework */; };
		A446EF3C131F7B8400551B10 /* Foundation.framework in Frameworks */ = {isa = PBXBuildFile; fileRef = A446EF3B131F7B8400551B10 /* Foundation.framework */; };
		A446EF3E131F7B8400551B10 /* CoreGraphics.framework in Frameworks */ = {isa = PBXBuildFile; fileRef = A446EF3D131F7B8400551B10 /* CoreGraphics.framework */; };
		A446EF44131F7B8400551B10 /* InfoPlist.strings in Resources */ = {isa = PBXBuildFile; fileRef = A446EF42131F7B8400551B10 /* InfoPlist.strings */; };
		A446EF47131F7B8400551B10 /* main.m in Sources */ = {isa = PBXBuildFile; fileRef = A446EF46131F7B8400551B10 /* main.m */; };
		A446EF4A131F7B8400551B10 /* iOSMusicRemAppDelegate.m in Sources */ = {isa = PBXBuildFile; fileRef = A446EF49131F7B8400551B10 /* iOSMusicRemAppDelegate.m */; };
		A446EF4D131F7B8400551B10 /* MainWindow.xib in Resources */ = {isa = PBXBuildFile; fileRef = A446EF4B131F7B8400551B10 /* MainWindow.xib */; };
		A446EF50131F7B8400551B10 /* iOSMusicRemViewController.m in Sources */ = {isa = PBXBuildFile; fileRef = A446EF4F131F7B8400551B10 /* iOSMusicRemViewController.m */; };
		A446EF53131F7B8400551B10 /* iOSMusicRemViewController.xib in Resources */ = {isa = PBXBuildFile; fileRef = A446EF51131F7B8400551B10 /* iOSMusicRemViewController.xib */; };
		A446EF5A131F7B8400551B10 /* UIKit.framework in Frameworks */ = {isa = PBXBuildFile; fileRef = A446EF39131F7B8400551B10 /* UIKit.framework */; };
		A446EF5B131F7B8400551B10 /* Foundation.framework in Frameworks */ = {isa = PBXBuildFile; fileRef = A446EF3B131F7B8400551B10 /* Foundation.framework */; };
		A446EF5C131F7B8400551B10 /* CoreGraphics.framework in Frameworks */ = {isa = PBXBuildFile; fileRef = A446EF3D131F7B8400551B10 /* CoreGraphics.framework */; };
		A446EF64131F7B8400551B10 /* InfoPlist.strings in Resources */ = {isa = PBXBuildFile; fileRef = A446EF62131F7B8400551B10 /* InfoPlist.strings */; };
		A446EF67131F7B8400551B10 /* iOSMusicRemTests.h in Resources */ = {isa = PBXBuildFile; fileRef = A446EF66131F7B8400551B10 /* iOSMusicRemTests.h */; };
		A446EF69131F7B8500551B10 /* iOSMusicRemTests.m in Sources */ = {isa = PBXBuildFile; fileRef = A446EF68131F7B8400551B10 /* iOSMusicRemTests.m */; };
		A4718759131F8540005FDBF6 /* ipod-icon.png in Resources */ = {isa = PBXBuildFile; fileRef = A4718757131F8540005FDBF6 /* ipod-icon.png */; };
		A471875A131F8540005FDBF6 /* wallpaper.jpg in Resources */ = {isa = PBXBuildFile; fileRef = A4718758131F8540005FDBF6 /* wallpaper.jpg */; };
/* End PBXBuildFile section */

/* Begin PBXContainerItemProxy section */
		A446EF5D131F7B8400551B10 /* PBXContainerItemProxy */ = {
			isa = PBXContainerItemProxy;
			containerPortal = A446EF2C131F7B8400551B10 /* Project object */;
			proxyType = 1;
			remoteGlobalIDString = A446EF34131F7B8400551B10;
			remoteInfo = iOSMusicRem;
		};
/* End PBXContainerItemProxy section */

/* Begin PBXFileReference section */
		A42C5B06131F8B26007E7708 /* MediaPlayer.framework */ = {isa = PBXFileReference; lastKnownFileType = wrapper.framework; name = MediaPlayer.framework; path = System/Library/Frameworks/MediaPlayer.framework; sourceTree = SDKROOT; };
		A4331F5D131F81E4006FEE8D /* ipodicon.png */ = {isa = PBXFileReference; lastKnownFileType = image.png; path = ipodicon.png; sourceTree = "<group>"; };
		A4331F5F131F8214006FEE8D /* ipodiconretina.png */ = {isa = PBXFileReference; lastKnownFileType = image.png; path = ipodiconretina.png; sourceTree = "<group>"; };
		A446EF35131F7B8400551B10 /* iOSMusicRem.app */ = {isa = PBXFileReference; explicitFileType = wrapper.application; includeInIndex = 0; path = iOSMusicRem.app; sourceTree = BUILT_PRODUCTS_DIR; };
		A446EF39131F7B8400551B10 /* UIKit.framework */ = {isa = PBXFileReference; lastKnownFileType = wrapper.framework; name = UIKit.framework; path = System/Library/Frameworks/UIKit.framework; sourceTree = SDKROOT; };
		A446EF3B131F7B8400551B10 /* Foundation.framework */ = {isa = PBXFileReference; lastKnownFileType = wrapper.framework; name = Foundation.framework; path = System/Library/Frameworks/Foundation.framework; sourceTree = SDKROOT; };
		A446EF3D131F7B8400551B10 /* CoreGraphics.framework */ = {isa = PBXFileReference; lastKnownFileType = wrapper.framework; name = CoreGraphics.framework; path = System/Library/Frameworks/CoreGraphics.framework; sourceTree = SDKROOT; };
		A446EF41131F7B8400551B10 /* iOSMusicRem-Info.plist */ = {isa = PBXFileReference; lastKnownFileType = text.plist.xml; path = "iOSMusicRem-Info.plist"; sourceTree = "<group>"; };
		A446EF43131F7B8400551B10 /* en */ = {isa = PBXFileReference; lastKnownFileType = text.plist.strings; name = en; path = en.lproj/InfoPlist.strings; sourceTree = "<group>"; };
		A446EF45131F7B8400551B10 /* iOSMusicRem-Prefix.pch */ = {isa = PBXFileReference; lastKnownFileType = sourcecode.c.h; path = "iOSMusicRem-Prefix.pch"; sourceTree = "<group>"; };
		A446EF46131F7B8400551B10 /* main.m */ = {isa = PBXFileReference; lastKnownFileType = sourcecode.c.objc; path = main.m; sourceTree = "<group>"; };
		A446EF48131F7B8400551B10 /* iOSMusicRemAppDelegate.h */ = {isa = PBXFileReference; lastKnownFileType = sourcecode.c.h; path = iOSMusicRemAppDelegate.h; sourceTree = "<group>"; };
		A446EF49131F7B8400551B10 /* iOSMusicRemAppDelegate.m */ = {isa = PBXFileReference; lastKnownFileType = sourcecode.c.objc; path = iOSMusicRemAppDelegate.m; sourceTree = "<group>"; };
		A446EF4C131F7B8400551B10 /* en */ = {isa = PBXFileReference; lastKnownFileType = file.xib; name = en; path = en.lproj/MainWindow.xib; sourceTree = "<group>"; };
		A446EF4E131F7B8400551B10 /* iOSMusicRemViewController.h */ = {isa = PBXFileReference; lastKnownFileType = sourcecode.c.h; path = iOSMusicRemViewController.h; sourceTree = "<group>"; };
		A446EF4F131F7B8400551B10 /* iOSMusicRemViewController.m */ = {isa = PBXFileReference; lastKnownFileType = sourcecode.c.objc; path = iOSMusicRemViewController.m; sourceTree = "<group>"; };
		A446EF52131F7B8400551B10 /* en */ = {isa = PBXFileReference; lastKnownFileType = file.xib; name = en; path = en.lproj/iOSMusicRemViewController.xib; sourceTree = "<group>"; };
		A446EF59131F7B8400551B10 /* iOSMusicRemTests.octest */ = {isa = PBXFileReference; explicitFileType = wrapper.cfbundle; includeInIndex = 0; path = iOSMusicRemTests.octest; sourceTree = BUILT_PRODUCTS_DIR; };
		A446EF61131F7B8400551B10 /* iOSMusicRemTests-Info.plist */ = {isa = PBXFileReference; lastKnownFileType = text.plist.xml; path = "iOSMusicRemTests-Info.plist"; sourceTree = "<group>"; };
		A446EF63131F7B8400551B10 /* en */ = {isa = PBXFileReference; lastKnownFileType = text.plist.strings; name = en; path = en.lproj/InfoPlist.strings; sourceTree = "<group>"; };
		A446EF65131F7B8400551B10 /* iOSMusicRemTests-Prefix.pch */ = {isa = PBXFileReference; lastKnownFileType = sourcecode.c.h; path = "iOSMusicRemTests-Prefix.pch"; sourceTree = "<group>"; };
		A446EF66131F7B8400551B10 /* iOSMusicRemTests.h */ = {isa = PBXFileReference; lastKnownFileType = sourcecode.c.h; path = iOSMusicRemTests.h; sourceTree = "<group>"; };
		A446EF68131F7B8400551B10 /* iOSMusicRemTests.m */ = {isa = PBXFileReference; lastKnownFileType = sourcecode.c.objc; path = iOSMusicRemTests.m; sourceTree = "<group>"; };
		A4718757131F8540005FDBF6 /* ipod-icon.png */ = {isa = PBXFileReference; lastKnownFileType = image.png; path = "ipod-icon.png"; sourceTree = "<group>"; };
		A4718758131F8540005FDBF6 /* wallpaper.jpg */ = {isa = PBXFileReference; lastKnownFileType = image.jpeg; path = wallpaper.jpg; sourceTree = "<group>"; };
/* End PBXFileReference section */

/* Begin PBXFrameworksBuildPhase section */
		A446EF32131F7B8400551B10 /* Frameworks */ = {
			isa = PBXFrameworksBuildPhase;
			buildActionMask = 2147483647;
			files = (
				A42C5B07131F8B26007E7708 /* MediaPlayer.framework in Frameworks */,
				A446EF3A131F7B8400551B10 /* UIKit.framework in Frameworks */,
				A446EF3C131F7B8400551B10 /* Foundation.framework in Frameworks */,
				A446EF3E131F7B8400551B10 /* CoreGraphics.framework in Frameworks */,
			);
			runOnlyForDeploymentPostprocessing = 0;
		};
		A446EF55131F7B8400551B10 /* Frameworks */ = {
			isa = PBXFrameworksBuildPhase;
			buildActionMask = 2147483647;
			files = (
				A446EF5A131F7B8400551B10 /* UIKit.framework in Frameworks */,
				A446EF5B131F7B8400551B10 /* Foundation.framework in Frameworks */,
				A446EF5C131F7B8400551B10 /* CoreGraphics.framework in Frameworks */,
			);
			runOnlyForDeploymentPostprocessing = 0;
		};
/* End PBXFrameworksBuildPhase section */

/* Begin PBXGroup section */
		A446EF2A131F7B8400551B10 = {
			isa = PBXGroup;
			children = (
				A4718756131F83E7005FDBF6 /* Resources */,
				A446EF3F131F7B8400551B10 /* iOSMusicRem */,
				A446EF5F131F7B8400551B10 /* iOSMusicRemTests */,
				A446EF38131F7B8400551B10 /* Frameworks */,
				A446EF36131F7B8400551B10 /* Products */,
			);
			sourceTree = "<group>";
		};
		A446EF36131F7B8400551B10 /* Products */ = {
			isa = PBXGroup;
			children = (
				A446EF35131F7B8400551B10 /* iOSMusicRem.app */,
				A446EF59131F7B8400551B10 /* iOSMusicRemTests.octest */,
			);
			name = Products;
			sourceTree = "<group>";
		};
		A446EF38131F7B8400551B10 /* Frameworks */ = {
			isa = PBXGroup;
			children = (
				A42C5B06131F8B26007E7708 /* MediaPlayer.framework */,
				A446EF39131F7B8400551B10 /* UIKit.framework */,
				A446EF3B131F7B8400551B10 /* Foundation.framework */,
				A446EF3D131F7B8400551B10 /* CoreGraphics.framework */,
			);
			name = Frameworks;
			sourceTree = "<group>";
		};
		A446EF3F131F7B8400551B10 /* iOSMusicRem */ = {
			isa = PBXGroup;
			children = (
				A446EF48131F7B8400551B10 /* iOSMusicRemAppDelegate.h */,
				A446EF49131F7B8400551B10 /* iOSMusicRemAppDelegate.m */,
				A446EF4B131F7B8400551B10 /* MainWindow.xib */,
				A446EF4E131F7B8400551B10 /* iOSMusicRemViewController.h */,
				A446EF4F131F7B8400551B10 /* iOSMusicRemViewController.m */,
				A446EF51131F7B8400551B10 /* iOSMusicRemViewController.xib */,
				A446EF40131F7B8400551B10 /* Supporting Files */,
			);
			path = iOSMusicRem;
			sourceTree = "<group>";
		};
		A446EF40131F7B8400551B10 /* Supporting Files */ = {
			isa = PBXGroup;
			children = (
				A446EF41131F7B8400551B10 /* iOSMusicRem-Info.plist */,
				A446EF42131F7B8400551B10 /* InfoPlist.strings */,
				A446EF45131F7B8400551B10 /* iOSMusicRem-Prefix.pch */,
				A446EF46131F7B8400551B10 /* main.m */,
			);
			name = "Supporting Files";
			sourceTree = "<group>";
		};
		A446EF5F131F7B8400551B10 /* iOSMusicRemTests */ = {
			isa = PBXGroup;
			children = (
				A446EF66131F7B8400551B10 /* iOSMusicRemTests.h */,
				A446EF68131F7B8400551B10 /* iOSMusicRemTests.m */,
				A446EF60131F7B8400551B10 /* Supporting Files */,
			);
			path = iOSMusicRemTests;
			sourceTree = "<group>";
		};
		A446EF60131F7B8400551B10 /* Supporting Files */ = {
			isa = PBXGroup;
			children = (
				A446EF61131F7B8400551B10 /* iOSMusicRemTests-Info.plist */,
				A446EF62131F7B8400551B10 /* InfoPlist.strings */,
				A446EF65131F7B8400551B10 /* iOSMusicRemTests-Prefix.pch */,
			);
			name = "Supporting Files";
			sourceTree = "<group>";
		};
		A4718756131F83E7005FDBF6 /* Resources */ = {
			isa = PBXGroup;
			children = (
				A4331F5F131F8214006FEE8D /* ipodiconretina.png */,
				A4331F5D131F81E4006FEE8D /* ipodicon.png */,
				A4718757131F8540005FDBF6 /* ipod-icon.png */,
				A4718758131F8540005FDBF6 /* wallpaper.jpg */,
			);
			name = Resources;
			sourceTree = "<group>";
		};
/* End PBXGroup section */

/* Begin PBXNativeTarget section */
		A446EF34131F7B8400551B10 /* iOSMusicRem */ = {
			isa = PBXNativeTarget;
			buildConfigurationList = A446EF6C131F7B8500551B10 /* Build configuration list for PBXNativeTarget "iOSMusicRem" */;
			buildPhases = (
				A446EF31131F7B8400551B10 /* Sources */,
				A446EF32131F7B8400551B10 /* Frameworks */,
				A446EF33131F7B8400551B10 /* Resources */,
			);
			buildRules = (
			);
			dependencies = (
			);
			name = iOSMusicRem;
			productName = iOSMusicRem;
			productReference = A446EF35131F7B8400551B10 /* iOSMusicRem.app */;
			productType = "com.apple.product-type.application";
		};
		A446EF58131F7B8400551B10 /* iOSMusicRemTests */ = {
			isa = PBXNativeTarget;
			buildConfigurationList = A446EF6F131F7B8500551B10 /* Build configuration list for PBXNativeTarget "iOSMusicRemTests" */;
			buildPhases = (
				A446EF54131F7B8400551B10 /* Sources */,
				A446EF55131F7B8400551B10 /* Frameworks */,
				A446EF56131F7B8400551B10 /* Resources */,
				A446EF57131F7B8400551B10 /* ShellScript */,
			);
			buildRules = (
			);
			dependencies = (
				A446EF5E131F7B8400551B10 /* PBXTargetDependency */,
			);
			name = iOSMusicRemTests;
			productName = iOSMusicRemTests;
			productReference = A446EF59131F7B8400551B10 /* iOSMusicRemTests.octest */;
			productType = "com.apple.product-type.bundle";
		};
/* End PBXNativeTarget section */

/* Begin PBXProject section */
		A446EF2C131F7B8400551B10 /* Project object */ = {
			isa = PBXProject;
			attributes = {
				TargetAttributes = {
					A446EF34131F7B8400551B10 = {
						DevelopmentTeam = LXTZ7EZD67;
					};
				};
			};
			buildConfigurationList = A446EF2F131F7B8400551B10 /* Build configuration list for PBXProject "iOSMusicRem" */;
			compatibilityVersion = "Xcode 3.2";
			developmentRegion = English;
			hasScannedForEncodings = 0;
			knownRegions = (
				en,
			);
			mainGroup = A446EF2A131F7B8400551B10;
			productRefGroup = A446EF36131F7B8400551B10 /* Products */;
			projectDirPath = "";
			projectRoot = "";
			targets = (
				A446EF34131F7B8400551B10 /* iOSMusicRem */,
				A446EF58131F7B8400551B10 /* iOSMusicRemTests */,
			);
		};
/* End PBXProject section */

/* Begin PBXResourcesBuildPhase section */
		A446EF33131F7B8400551B10 /* Resources */ = {
			isa = PBXResourcesBuildPhase;
			buildActionMask = 2147483647;
			files = (
				A446EF44131F7B8400551B10 /* InfoPlist.strings in Resources */,
				A446EF4D131F7B8400551B10 /* MainWindow.xib in Resources */,
				A446EF53131F7B8400551B10 /* iOSMusicRemViewController.xib in Resources */,
				A4331F5E131F81E4006FEE8D /* ipodicon.png in Resources */,
				A4331F60131F8214006FEE8D /* ipodiconretina.png in Resources */,
				A4718759131F8540005FDBF6 /* ipod-icon.png in Resources */,
				A471875A131F8540005FDBF6 /* wallpaper.jpg in Resources */,
			);
			runOnlyForDeploymentPostprocessing = 0;
		};
		A446EF56131F7B8400551B10 /* Resources */ = {
			isa = PBXResourcesBuildPhase;
			buildActionMask = 2147483647;
			files = (
				A446EF64131F7B8400551B10 /* InfoPlist.strings in Resources */,
				A446EF67131F7B8400551B10 /* iOSMusicRemTests.h in Resources */,
			);
			runOnlyForDeploymentPostprocessing = 0;
		};
/* End PBXResourcesBuildPhase section */

/* Begin PBXShellScriptBuildPhase section */
		A446EF57131F7B8400551B10 /* ShellScript */ = {
			isa = PBXShellScriptBuildPhase;
			buildActionMask = 2147483647;
			files = (
			);
			inputPaths = (
			);
			outputPaths = (
			);
			runOnlyForDeploymentPostprocessing = 0;
			shellPath = /bin/sh;
			shellScript = "# Run the unit tests in this test bundle.\n\"${SYSTEM_DEVELOPER_DIR}/Tools/RunUnitTests\"\n";
		};
/* End PBXShellScriptBuildPhase section */

/* Begin PBXSourcesBuildPhase section */
		A446EF31131F7B8400551B10 /* Sources */ = {
			isa = PBXSourcesBuildPhase;
			buildActionMask = 2147483647;
			files = (
				A446EF47131F7B8400551B10 /* main.m in Sources */,
				A446EF4A131F7B8400551B10 /* iOSMusicRemAppDelegate.m in Sources */,
				A446EF50131F7B8400551B10 /* iOSMusicRemViewController.m in Sources */,
			);
			runOnlyForDeploymentPostprocessing = 0;
		};
		A446EF54131F7B8400551B10 /* Sources */ = {
			isa = PBXSourcesBuildPhase;
			buildActionMask = 2147483647;
			files = (
				A446EF69131F7B8500551B10 /* iOSMusicRemTests.m in Sources */,
			);
			runOnlyForDeploymentPostprocessing = 0;
		};
/* End PBXSourcesBuildPhase section */

/* Begin PBXTargetDependency section */
		A446EF5E131F7B8400551B10 /* PBXTargetDependency */ = {
			isa = PBXTargetDependency;
			target = A446EF34131F7B8400551B10 /* iOSMusicRem */;
			targetProxy = A446EF5D131F7B8400551B10 /* PBXContainerItemProxy */;
		};
/* End PBXTargetDependency section */

/* Begin PBXVariantGroup section */
		A446EF42131F7B8400551B10 /* InfoPlist.strings */ = {
			isa = PBXVariantGroup;
			children = (
				A446EF43131F7B8400551B10 /* en */,
			);
			name = InfoPlist.strings;
			sourceTree = "<group>";
		};
		A446EF4B131F7B8400551B10 /* MainWindow.xib */ = {
			isa = PBXVariantGroup;
			children = (
				A446EF4C131F7B8400551B10 /* en */,
			);
			name = MainWindow.xib;
			sourceTree = "<group>";
		};
		A446EF51131F7B8400551B10 /* iOSMusicRemViewController.xib */ = {
			isa = PBXVariantGroup;
			children = (
				A446EF52131F7B8400551B10 /* en */,
			);
			name = iOSMusicRemViewController.xib;
			sourceTree = "<group>";
		};
		A446EF62131F7B8400551B10 /* InfoPlist.strings */ = {
			isa = PBXVariantGroup;
			children = (
				A446EF63131F7B8400551B10 /* en */,
			);
			name = InfoPlist.strings;
			sourceTree = "<group>";
		};
/* End PBXVariantGroup section */

/* Begin XCBuildConfiguration section */
		A446EF6A131F7B8500551B10 /* Debug */ = {
			isa = XCBuildConfiguration;
			buildSettings = {
				ARCHS = "$(ARCHS_STANDARD_32_BIT)";
				"CODE_SIGN_IDENTITY[sdk=iphoneos*]" = "iPhone Developer";
				GCC_C_LANGUAGE_STANDARD = gnu99;
				GCC_OPTIMIZATION_LEVEL = 0;
				GCC_PREPROCESSOR_DEFINITIONS = DEBUG;
				GCC_VERSION = "";
				GCC_WARN_ABOUT_RETURN_TYPE = YES;
				GCC_WARN_UNUSED_VARIABLE = YES;
				IPHONEOS_DEPLOYMENT_TARGET = 7.1;
				SDKROOT = iphoneos;
			};
			name = Debug;
		};
		A446EF6B131F7B8500551B10 /* Release */ = {
			isa = XCBuildConfiguration;
			buildSettings = {
				ARCHS = "$(ARCHS_STANDARD_32_BIT)";
				"CODE_SIGN_IDENTITY[sdk=iphoneos*]" = "iPhone Developer";
				GCC_C_LANGUAGE_STANDARD = gnu99;
				GCC_VERSION = "";
				GCC_WARN_ABOUT_RETURN_TYPE = YES;
				GCC_WARN_UNUSED_VARIABLE = YES;
				IPHONEOS_DEPLOYMENT_TARGET = 7.1;
				OTHER_CFLAGS = "-DNS_BLOCK_ASSERTIONS=1";
				SDKROOT = iphoneos;
			};
			name = Release;
		};
		A446EF6D131F7B8500551B10 /* Debug */ = {
			isa = XCBuildConfiguration;
			buildSettings = {
				ALWAYS_SEARCH_USER_PATHS = NO;
				CODE_SIGN_IDENTITY = "iPhone Developer";
				"CODE_SIGN_IDENTITY[sdk=iphoneos*]" = "Don't Code Sign";
				COPY_PHASE_STRIP = NO;
				GCC_DYNAMIC_NO_PIC = NO;
				GCC_PRECOMPILE_PREFIX_HEADER = YES;
				GCC_PREFIX_HEADER = "iOSMusicRem/iOSMusicRem-Prefix.pch";
				INFOPLIST_FILE = "iOSMusicRem/iOSMusicRem-Info.plist";
				INSTALL_PATH = "$(LOCAL_APPS_DIR)";
				PRODUCT_NAME = "$(TARGET_NAME)";
				"PROVISIONING_PROFILE[sdk=iphoneos*]" = "";
				WRAPPER_EXTENSION = app;
			};
			name = Debug;
		};
		A446EF6E131F7B8500551B10 /* Release */ = {
			isa = XCBuildConfiguration;
			buildSettings = {
				ALWAYS_SEARCH_USER_PATHS = NO;
				CODE_SIGN_IDENTITY = "iPhone Developer";
				"CODE_SIGN_IDENTITY[sdk=iphoneos*]" = "Don't Code Sign";
				COPY_PHASE_STRIP = YES;
				GCC_PRECOMPILE_PREFIX_HEADER = YES;
				GCC_PREFIX_HEADER = "iOSMusicRem/iOSMusicRem-Prefix.pch";
				INFOPLIST_FILE = "iOSMusicRem/iOSMusicRem-Info.plist";
				INSTALL_PATH = "$(LOCAL_APPS_DIR)";
				PRODUCT_NAME = "$(TARGET_NAME)";
				"PROVISIONING_PROFILE[sdk=iphoneos*]" = "";
				VALIDATE_PRODUCT = YES;
				WRAPPER_EXTENSION = app;
			};
			name = Release;
		};
		A446EF70131F7B8500551B10 /* Debug */ = {
			isa = XCBuildConfiguration;
			buildSettings = {
				ALWAYS_SEARCH_USER_PATHS = NO;
				BUNDLE_LOADER = "$(BUILT_PRODUCTS_DIR)/iOSMusicRem.app/iOSMusicRem";
				FRAMEWORK_SEARCH_PATHS = (
					"$(SDKROOT)/Developer/Library/Frameworks",
					"$(DEVELOPER_LIBRARY_DIR)/Frameworks",
				);
				GCC_PRECOMPILE_PREFIX_HEADER = YES;
				GCC_PREFIX_HEADER = "iOSMusicRemTests/iOSMusicRemTests-Prefix.pch";
				INFOPLIST_FILE = "iOSMusicRemTests/iOSMusicRemTests-Info.plist";
				OTHER_LDFLAGS = (
					"-framework",
					SenTestingKit,
				);
				PRODUCT_NAME = "$(TARGET_NAME)";
				TEST_HOST = "$(BUNDLE_LOADER)";
				WRAPPER_EXTENSION = octest;
			};
			name = Debug;
		};
		A446EF71131F7B8500551B10 /* Release */ = {
			isa = XCBuildConfiguration;
			buildSettings = {
				ALWAYS_SEARCH_USER_PATHS = NO;
				BUNDLE_LOADER = "$(BUILT_PRODUCTS_DIR)/iOSMusicRem.app/iOSMusicRem";
				FRAMEWORK_SEARCH_PATHS = (
					"$(SDKROOT)/Developer/Library/Frameworks",
					"$(DEVELOPER_LIBRARY_DIR)/Frameworks",
				);
				GCC_PRECOMPILE_PREFIX_HEADER = YES;
				GCC_PREFIX_HEADER = "iOSMusicRemTests/iOSMusicRemTests-Prefix.pch";
				INFOPLIST_FILE = "iOSMusicRemTests/iOSMusicRemTests-Info.plist";
				OTHER_LDFLAGS = (
					"-framework",
					SenTestingKit,
				);
				PRODUCT_NAME = "$(TARGET_NAME)";
				TEST_HOST = "$(BUNDLE_LOADER)";
				WRAPPER_EXTENSION = octest;
			};
			name = Release;
		};
/* End XCBuildConfiguration section */

/* Begin XCConfigurationList section */
		A446EF2F131F7B8400551B10 /* Build configuration list for PBXProject "iOSMusicRem" */ = {
			isa = XCConfigurationList;
			buildConfigurations = (
				A446EF6A131F7B8500551B10 /* Debug */,
				A446EF6B131F7B8500551B10 /* Release */,
			);
			defaultConfigurationIsVisible = 0;
			defaultConfigurationName = Release;
		};
		A446EF6C131F7B8500551B10 /* Build configuration list for PBXNativeTarget "iOSMusicRem" */ = {
			isa = XCConfigurationList;
			buildConfigurations = (
				A446EF6D131F7B8500551B10 /* Debug */,
				A446EF6E131F7B8500551B10 /* Release */,
			);
			defaultConfigurationIsVisible = 0;
			defaultConfigurationName = Release;
		};
		A446EF6F131F7B8500551B10 /* Build configuration list for PBXNativeTarget "iOSMusicRemTests" */ = {
			isa = XCConfigurationList;
			buildConfigurations = (
				A446EF70131F7B8500551B10 /* Debug */,
				A446EF71131F7B8500551B10 /* Release */,
			);
			defaultConfigurationIsVisible = 0;
			defaultConfigurationName = Release;
		};
/* End XCConfigurationList section */
	};
	rootObject = A446EF2C131F7B8400551B10 /* Project object */;
}
